// !$*UTF8*$!
{
	archiveVersion = 1;
	classes = {
	};
	objectVersion = 55;
	objects = {

/* Begin PBXBuildFile section */
		31F8ED54274ED11700F1D614 /* AppDelegate.swift in Sources */ = {isa = PBXBuildFile; fileRef = 31F8ED53274ED11700F1D614 /* AppDelegate.swift */; };
		31F8ED56274ED11700F1D614 /* SceneDelegate.swift in Sources */ = {isa = PBXBuildFile; fileRef = 31F8ED55274ED11700F1D614 /* SceneDelegate.swift */; };
		31F8ED59274ED11700F1D614 /* LaunchScreen.storyboard in Resources */ = {isa = PBXBuildFile; fileRef = 31F8ED57274ED11700F1D614 /* LaunchScreen.storyboard */; };
		31F8ED5C274ED11700F1D614 /* Main.storyboard in Resources */ = {isa = PBXBuildFile; fileRef = 31F8ED5A274ED11700F1D614 /* Main.storyboard */; };
		31F8ED65274ED11700F1D614 /* AppDelegate.swift in Sources */ = {isa = PBXBuildFile; fileRef = 31F8ED64274ED11700F1D614 /* AppDelegate.swift */; };
		31F8ED68274ED11700F1D614 /* Main.storyboard in Resources */ = {isa = PBXBuildFile; fileRef = 31F8ED66274ED11700F1D614 /* Main.storyboard */; };
		31F8ED70274ED11700F1D614 /* Switch between your two most recent tabs Extension.appex in Embed App Extensions */ = {isa = PBXBuildFile; fileRef = 31F8ED6F274ED11700F1D614 /* Switch between your two most recent tabs Extension.appex */; settings = {ATTRIBUTES = (RemoveHeadersOnCopy, ); }; };
		31F8ED7A274ED11700F1D614 /* Switch between your two most recent tabs Extension.appex in Embed App Extensions */ = {isa = PBXBuildFile; fileRef = 31F8ED79274ED11700F1D614 /* Switch between your two most recent tabs Extension.appex */; settings = {ATTRIBUTES = (RemoveHeadersOnCopy, ); }; };
		31F8ED80274ED11700F1D614 /* Main.html in Resources */ = {isa = PBXBuildFile; fileRef = 31F8ED43274ED11400F1D614 /* Main.html */; };
		31F8ED81274ED11700F1D614 /* Main.html in Resources */ = {isa = PBXBuildFile; fileRef = 31F8ED43274ED11400F1D614 /* Main.html */; };
		31F8ED82274ED11700F1D614 /* Icon.png in Resources */ = {isa = PBXBuildFile; fileRef = 31F8ED45274ED11400F1D614 /* Icon.png */; };
		31F8ED83274ED11700F1D614 /* Icon.png in Resources */ = {isa = PBXBuildFile; fileRef = 31F8ED45274ED11400F1D614 /* Icon.png */; };
		31F8ED84274ED11700F1D614 /* Style.css in Resources */ = {isa = PBXBuildFile; fileRef = 31F8ED46274ED11400F1D614 /* Style.css */; };
		31F8ED85274ED11700F1D614 /* Style.css in Resources */ = {isa = PBXBuildFile; fileRef = 31F8ED46274ED11400F1D614 /* Style.css */; };
		31F8ED86274ED11700F1D614 /* Script.js in Resources */ = {isa = PBXBuildFile; fileRef = 31F8ED47274ED11400F1D614 /* Script.js */; };
		31F8ED87274ED11700F1D614 /* Script.js in Resources */ = {isa = PBXBuildFile; fileRef = 31F8ED47274ED11400F1D614 /* Script.js */; };
		31F8ED88274ED11700F1D614 /* ViewController.swift in Sources */ = {isa = PBXBuildFile; fileRef = 31F8ED48274ED11400F1D614 /* ViewController.swift */; };
		31F8ED89274ED11700F1D614 /* ViewController.swift in Sources */ = {isa = PBXBuildFile; fileRef = 31F8ED48274ED11400F1D614 /* ViewController.swift */; };
		31F8ED8A274ED11700F1D614 /* Assets.xcassets in Resources */ = {isa = PBXBuildFile; fileRef = 31F8ED49274ED11700F1D614 /* Assets.xcassets */; };
		31F8ED8B274ED11700F1D614 /* Assets.xcassets in Resources */ = {isa = PBXBuildFile; fileRef = 31F8ED49274ED11700F1D614 /* Assets.xcassets */; };
		31F8ED8C274ED11700F1D614 /* SafariWebExtensionHandler.swift in Sources */ = {isa = PBXBuildFile; fileRef = 31F8ED4B274ED11700F1D614 /* SafariWebExtensionHandler.swift */; };
		31F8ED8D274ED11700F1D614 /* SafariWebExtensionHandler.swift in Sources */ = {isa = PBXBuildFile; fileRef = 31F8ED4B274ED11700F1D614 /* SafariWebExtensionHandler.swift */; };
		31F8EDA8274ED11900F1D614 /* icon.png in Resources */ = {isa = PBXBuildFile; fileRef = 31F8ED9F274ED11900F1D614 /* icon.png */; };
		31F8EDA9274ED11900F1D614 /* background.js in Resources */ = {isa = PBXBuildFile; fileRef = 31F8EDA0274ED11900F1D614 /* background.js */; };
		31F8EDAA274ED11900F1D614 /* icon_32.png in Resources */ = {isa = PBXBuildFile; fileRef = 31F8EDA1274ED11900F1D614 /* icon_32.png */; };
		31F8EDAB274ED11900F1D614 /* icon_128.png in Resources */ = {isa = PBXBuildFile; fileRef = 31F8EDA2274ED11900F1D614 /* icon_128.png */; };
		31F8EDAC274ED11900F1D614 /* icon_16.png in Resources */ = {isa = PBXBuildFile; fileRef = 31F8EDA3274ED11900F1D614 /* icon_16.png */; };
		31F8EDAD274ED11900F1D614 /* manifest.json in Resources */ = {isa = PBXBuildFile; fileRef = 31F8EDA4274ED11900F1D614 /* manifest.json */; };
		31F8EDAE274ED11900F1D614 /* _locales in Resources */ = {isa = PBXBuildFile; fileRef = 31F8EDA5274ED11900F1D614 /* _locales */; };
		31F8EDAF274ED11900F1D614 /* ExtPay.js in Resources */ = {isa = PBXBuildFile; fileRef = 31F8EDA6274ED11900F1D614 /* ExtPay.js */; };
		31F8EDB0274ED11900F1D614 /* icon_48.png in Resources */ = {isa = PBXBuildFile; fileRef = 31F8EDA7274ED11900F1D614 /* icon_48.png */; };
		31F8EDB1274ED11900F1D614 /* icon.png in Resources */ = {isa = PBXBuildFile; fileRef = 31F8ED9F274ED11900F1D614 /* icon.png */; };
		31F8EDB2274ED11900F1D614 /* background.js in Resources */ = {isa = PBXBuildFile; fileRef = 31F8EDA0274ED11900F1D614 /* background.js */; };
		31F8EDB3274ED11900F1D614 /* icon_32.png in Resources */ = {isa = PBXBuildFile; fileRef = 31F8EDA1274ED11900F1D614 /* icon_32.png */; };
		31F8EDB4274ED11900F1D614 /* icon_128.png in Resources */ = {isa = PBXBuildFile; fileRef = 31F8EDA2274ED11900F1D614 /* icon_128.png */; };
		31F8EDB5274ED11900F1D614 /* icon_16.png in Resources */ = {isa = PBXBuildFile; fileRef = 31F8EDA3274ED11900F1D614 /* icon_16.png */; };
		31F8EDB6274ED11900F1D614 /* manifest.json in Resources */ = {isa = PBXBuildFile; fileRef = 31F8EDA4274ED11900F1D614 /* manifest.json */; };
		31F8EDB7274ED11900F1D614 /* _locales in Resources */ = {isa = PBXBuildFile; fileRef = 31F8EDA5274ED11900F1D614 /* _locales */; };
		31F8EDB8274ED11900F1D614 /* ExtPay.js in Resources */ = {isa = PBXBuildFile; fileRef = 31F8EDA6274ED11900F1D614 /* ExtPay.js */; };
		31F8EDB9274ED11900F1D614 /* icon_48.png in Resources */ = {isa = PBXBuildFile; fileRef = 31F8EDA7274ED11900F1D614 /* icon_48.png */; };
/* End PBXBuildFile section */

/* Begin PBXContainerItemProxy section */
		31F8ED71274ED11700F1D614 /* PBXContainerItemProxy */ = {
			isa = PBXContainerItemProxy;
			containerPortal = 31F8ED3D274ED11400F1D614 /* Project object */;
			proxyType = 1;
			remoteGlobalIDString = 31F8ED6E274ED11700F1D614;
			remoteInfo = "Switch between your two most recent tabs Extension (iOS)";
		};
		31F8ED7B274ED11700F1D614 /* PBXContainerItemProxy */ = {
			isa = PBXContainerItemProxy;
			containerPortal = 31F8ED3D274ED11400F1D614 /* Project object */;
			proxyType = 1;
			remoteGlobalIDString = 31F8ED78274ED11700F1D614;
			remoteInfo = "Switch between your two most recent tabs Extension (macOS)";
		};
/* End PBXContainerItemProxy section */

/* Begin PBXCopyFilesBuildPhase section */
		31F8ED93274ED11700F1D614 /* Embed App Extensions */ = {
			isa = PBXCopyFilesBuildPhase;
			buildActionMask = 2147483647;
			dstPath = "";
			dstSubfolderSpec = 13;
			files = (
				31F8ED70274ED11700F1D614 /* Switch between your two most recent tabs Extension.appex in Embed App Extensions */,
			);
			name = "Embed App Extensions";
			runOnlyForDeploymentPostprocessing = 0;
		};
		31F8ED9A274ED11700F1D614 /* Embed App Extensions */ = {
			isa = PBXCopyFilesBuildPhase;
			buildActionMask = 2147483647;
			dstPath = "";
			dstSubfolderSpec = 13;
			files = (
				31F8ED7A274ED11700F1D614 /* Switch between your two most recent tabs Extension.appex in Embed App Extensions */,
			);
			name = "Embed App Extensions";
			runOnlyForDeploymentPostprocessing = 0;
		};
/* End PBXCopyFilesBuildPhase section */

/* Begin PBXFileReference section */
		31F8ED44274ED11400F1D614 /* Base */ = {isa = PBXFileReference; lastKnownFileType = text.html; name = Base; path = ../Base.lproj/Main.html; sourceTree = "<group>"; };
		31F8ED45274ED11400F1D614 /* Icon.png */ = {isa = PBXFileReference; lastKnownFileType = image.png; path = Icon.png; sourceTree = "<group>"; };
		31F8ED46274ED11400F1D614 /* Style.css */ = {isa = PBXFileReference; lastKnownFileType = text.css; path = Style.css; sourceTree = "<group>"; };
		31F8ED47274ED11400F1D614 /* Script.js */ = {isa = PBXFileReference; lastKnownFileType = sourcecode.javascript; path = Script.js; sourceTree = "<group>"; };
		31F8ED48274ED11400F1D614 /* ViewController.swift */ = {isa = PBXFileReference; lastKnownFileType = sourcecode.swift; path = ViewController.swift; sourceTree = "<group>"; };
		31F8ED49274ED11700F1D614 /* Assets.xcassets */ = {isa = PBXFileReference; lastKnownFileType = folder.assetcatalog; path = Assets.xcassets; sourceTree = "<group>"; };
		31F8ED4B274ED11700F1D614 /* SafariWebExtensionHandler.swift */ = {isa = PBXFileReference; lastKnownFileType = sourcecode.swift; path = SafariWebExtensionHandler.swift; sourceTree = "<group>"; };
		31F8ED50274ED11700F1D614 /* Switch between your two most recent tabs.app */ = {isa = PBXFileReference; explicitFileType = wrapper.application; includeInIndex = 0; path = "Switch between your two most recent tabs.app"; sourceTree = BUILT_PRODUCTS_DIR; };
		31F8ED53274ED11700F1D614 /* AppDelegate.swift */ = {isa = PBXFileReference; lastKnownFileType = sourcecode.swift; path = AppDelegate.swift; sourceTree = "<group>"; };
		31F8ED55274ED11700F1D614 /* SceneDelegate.swift */ = {isa = PBXFileReference; lastKnownFileType = sourcecode.swift; path = SceneDelegate.swift; sourceTree = "<group>"; };
		31F8ED58274ED11700F1D614 /* Base */ = {isa = PBXFileReference; lastKnownFileType = file.storyboard; name = Base; path = Base.lproj/LaunchScreen.storyboard; sourceTree = "<group>"; };
		31F8ED5B274ED11700F1D614 /* Base */ = {isa = PBXFileReference; lastKnownFileType = file.storyboard; name = Base; path = Base.lproj/Main.storyboard; sourceTree = "<group>"; };
		31F8ED5D274ED11700F1D614 /* Info.plist */ = {isa = PBXFileReference; lastKnownFileType = text.plist.xml; path = Info.plist; sourceTree = "<group>"; };
		31F8ED62274ED11700F1D614 /* Switch between your two most recent tabs.app */ = {isa = PBXFileReference; explicitFileType = wrapper.application; includeInIndex = 0; path = "Switch between your two most recent tabs.app"; sourceTree = BUILT_PRODUCTS_DIR; };
		31F8ED64274ED11700F1D614 /* AppDelegate.swift */ = {isa = PBXFileReference; lastKnownFileType = sourcecode.swift; path = AppDelegate.swift; sourceTree = "<group>"; };
		31F8ED67274ED11700F1D614 /* Base */ = {isa = PBXFileReference; lastKnownFileType = file.storyboard; name = Base; path = Base.lproj/Main.storyboard; sourceTree = "<group>"; };
		31F8ED69274ED11700F1D614 /* Info.plist */ = {isa = PBXFileReference; lastKnownFileType = text.plist.xml; path = Info.plist; sourceTree = "<group>"; };
		31F8ED6A274ED11700F1D614 /* Switch between your two most recent tabs.entitlements */ = {isa = PBXFileReference; lastKnownFileType = text.plist.entitlements; path = "Switch between your two most recent tabs.entitlements"; sourceTree = "<group>"; };
		31F8ED6F274ED11700F1D614 /* Switch between your two most recent tabs Extension.appex */ = {isa = PBXFileReference; explicitFileType = "wrapper.app-extension"; includeInIndex = 0; path = "Switch between your two most recent tabs Extension.appex"; sourceTree = BUILT_PRODUCTS_DIR; };
		31F8ED74274ED11700F1D614 /* Info.plist */ = {isa = PBXFileReference; lastKnownFileType = text.plist.xml; path = Info.plist; sourceTree = "<group>"; };
		31F8ED79274ED11700F1D614 /* Switch between your two most recent tabs Extension.appex */ = {isa = PBXFileReference; explicitFileType = "wrapper.app-extension"; includeInIndex = 0; path = "Switch between your two most recent tabs Extension.appex"; sourceTree = BUILT_PRODUCTS_DIR; };
		31F8ED7E274ED11700F1D614 /* Info.plist */ = {isa = PBXFileReference; lastKnownFileType = text.plist.xml; path = Info.plist; sourceTree = "<group>"; };
		31F8ED7F274ED11700F1D614 /* Switch between your two most recent tabs.entitlements */ = {isa = PBXFileReference; lastKnownFileType = text.plist.entitlements; path = "Switch between your two most recent tabs.entitlements"; sourceTree = "<group>"; };
		31F8ED9F274ED11900F1D614 /* icon.png */ = {isa = PBXFileReference; lastKnownFileType = image.png; name = icon.png; path = ../../../src/icon.png; sourceTree = "<group>"; };
		31F8EDA0274ED11900F1D614 /* background.js */ = {isa = PBXFileReference; lastKnownFileType = sourcecode.javascript; name = background.js; path = ../../../src/background.js; sourceTree = "<group>"; };
		31F8EDA1274ED11900F1D614 /* icon_32.png */ = {isa = PBXFileReference; lastKnownFileType = image.png; name = icon_32.png; path = ../../../src/icon_32.png; sourceTree = "<group>"; };
		31F8EDA2274ED11900F1D614 /* icon_128.png */ = {isa = PBXFileReference; lastKnownFileType = image.png; name = icon_128.png; path = ../../../src/icon_128.png; sourceTree = "<group>"; };
		31F8EDA3274ED11900F1D614 /* icon_16.png */ = {isa = PBXFileReference; lastKnownFileType = image.png; name = icon_16.png; path = ../../../src/icon_16.png; sourceTree = "<group>"; };
		31F8EDA4274ED11900F1D614 /* manifest.json */ = {isa = PBXFileReference; lastKnownFileType = text.json; name = manifest.json; path = ../../../src/manifest.json; sourceTree = "<group>"; };
		31F8EDA5274ED11900F1D614 /* _locales */ = {isa = PBXFileReference; lastKnownFileType = folder; name = _locales; path = ../../../src/_locales; sourceTree = "<group>"; };
		31F8EDA6274ED11900F1D614 /* ExtPay.js */ = {isa = PBXFileReference; lastKnownFileType = sourcecode.javascript; name = ExtPay.js; path = ../../../src/ExtPay.js; sourceTree = "<group>"; };
		31F8EDA7274ED11900F1D614 /* icon_48.png */ = {isa = PBXFileReference; lastKnownFileType = image.png; name = icon_48.png; path = ../../../src/icon_48.png; sourceTree = "<group>"; };
/* End PBXFileReference section */

/* Begin PBXFrameworksBuildPhase section */
		31F8ED4D274ED11700F1D614 /* Frameworks */ = {
			isa = PBXFrameworksBuildPhase;
			buildActionMask = 2147483647;
			files = (
			);
			runOnlyForDeploymentPostprocessing = 0;
		};
		31F8ED5F274ED11700F1D614 /* Frameworks */ = {
			isa = PBXFrameworksBuildPhase;
			buildActionMask = 2147483647;
			files = (
			);
			runOnlyForDeploymentPostprocessing = 0;
		};
		31F8ED6C274ED11700F1D614 /* Frameworks */ = {
			isa = PBXFrameworksBuildPhase;
			buildActionMask = 2147483647;
			files = (
			);
			runOnlyForDeploymentPostprocessing = 0;
		};
		31F8ED76274ED11700F1D614 /* Frameworks */ = {
			isa = PBXFrameworksBuildPhase;
			buildActionMask = 2147483647;
			files = (
			);
			runOnlyForDeploymentPostprocessing = 0;
		};
/* End PBXFrameworksBuildPhase section */

/* Begin PBXGroup section */
		31F8ED3C274ED11400F1D614 = {
			isa = PBXGroup;
			children = (
				31F8ED41274ED11400F1D614 /* Shared (App) */,
				31F8ED4A274ED11700F1D614 /* Shared (Extension) */,
				31F8ED52274ED11700F1D614 /* iOS (App) */,
				31F8ED63274ED11700F1D614 /* macOS (App) */,
				31F8ED73274ED11700F1D614 /* iOS (Extension) */,
				31F8ED7D274ED11700F1D614 /* macOS (Extension) */,
				31F8ED51274ED11700F1D614 /* Products */,
			);
			sourceTree = "<group>";
		};
		31F8ED41274ED11400F1D614 /* Shared (App) */ = {
			isa = PBXGroup;
			children = (
				31F8ED48274ED11400F1D614 /* ViewController.swift */,
				31F8ED49274ED11700F1D614 /* Assets.xcassets */,
				31F8ED42274ED11400F1D614 /* Resources */,
			);
			path = "Shared (App)";
			sourceTree = "<group>";
		};
		31F8ED42274ED11400F1D614 /* Resources */ = {
			isa = PBXGroup;
			children = (
				31F8ED43274ED11400F1D614 /* Main.html */,
				31F8ED45274ED11400F1D614 /* Icon.png */,
				31F8ED46274ED11400F1D614 /* Style.css */,
				31F8ED47274ED11400F1D614 /* Script.js */,
			);
			path = Resources;
			sourceTree = "<group>";
		};
		31F8ED4A274ED11700F1D614 /* Shared (Extension) */ = {
			isa = PBXGroup;
			children = (
				31F8ED9E274ED11900F1D614 /* Resources */,
				31F8ED4B274ED11700F1D614 /* SafariWebExtensionHandler.swift */,
			);
			path = "Shared (Extension)";
			sourceTree = "<group>";
		};
		31F8ED51274ED11700F1D614 /* Products */ = {
			isa = PBXGroup;
			children = (
				31F8ED50274ED11700F1D614 /* Switch between your two most recent tabs.app */,
				31F8ED62274ED11700F1D614 /* Switch between your two most recent tabs.app */,
				31F8ED6F274ED11700F1D614 /* Switch between your two most recent tabs Extension.appex */,
				31F8ED79274ED11700F1D614 /* Switch between your two most recent tabs Extension.appex */,
			);
			name = Products;
			sourceTree = "<group>";
		};
		31F8ED52274ED11700F1D614 /* iOS (App) */ = {
			isa = PBXGroup;
			children = (
				31F8ED53274ED11700F1D614 /* AppDelegate.swift */,
				31F8ED55274ED11700F1D614 /* SceneDelegate.swift */,
				31F8ED57274ED11700F1D614 /* LaunchScreen.storyboard */,
				31F8ED5A274ED11700F1D614 /* Main.storyboard */,
				31F8ED5D274ED11700F1D614 /* Info.plist */,
			);
			path = "iOS (App)";
			sourceTree = "<group>";
		};
		31F8ED63274ED11700F1D614 /* macOS (App) */ = {
			isa = PBXGroup;
			children = (
				31F8ED64274ED11700F1D614 /* AppDelegate.swift */,
				31F8ED66274ED11700F1D614 /* Main.storyboard */,
				31F8ED69274ED11700F1D614 /* Info.plist */,
				31F8ED6A274ED11700F1D614 /* Switch between your two most recent tabs.entitlements */,
			);
			path = "macOS (App)";
			sourceTree = "<group>";
		};
		31F8ED73274ED11700F1D614 /* iOS (Extension) */ = {
			isa = PBXGroup;
			children = (
				31F8ED74274ED11700F1D614 /* Info.plist */,
			);
			path = "iOS (Extension)";
			sourceTree = "<group>";
		};
		31F8ED7D274ED11700F1D614 /* macOS (Extension) */ = {
			isa = PBXGroup;
			children = (
				31F8ED7E274ED11700F1D614 /* Info.plist */,
				31F8ED7F274ED11700F1D614 /* Switch between your two most recent tabs.entitlements */,
			);
			path = "macOS (Extension)";
			sourceTree = "<group>";
		};
		31F8ED9E274ED11900F1D614 /* Resources */ = {
			isa = PBXGroup;
			children = (
				31F8ED9F274ED11900F1D614 /* icon.png */,
				31F8EDA0274ED11900F1D614 /* background.js */,
				31F8EDA1274ED11900F1D614 /* icon_32.png */,
				31F8EDA2274ED11900F1D614 /* icon_128.png */,
				31F8EDA3274ED11900F1D614 /* icon_16.png */,
				31F8EDA4274ED11900F1D614 /* manifest.json */,
				31F8EDA5274ED11900F1D614 /* _locales */,
				31F8EDA6274ED11900F1D614 /* ExtPay.js */,
				31F8EDA7274ED11900F1D614 /* icon_48.png */,
			);
			name = Resources;
			path = "Shared (Extension)";
			sourceTree = SOURCE_ROOT;
		};
/* End PBXGroup section */

/* Begin PBXNativeTarget section */
		31F8ED4F274ED11700F1D614 /* Switch between your two most recent tabs (iOS) */ = {
			isa = PBXNativeTarget;
			buildConfigurationList = 31F8ED94274ED11700F1D614 /* Build configuration list for PBXNativeTarget "Switch between your two most recent tabs (iOS)" */;
			buildPhases = (
				31F8ED4C274ED11700F1D614 /* Sources */,
				31F8ED4D274ED11700F1D614 /* Frameworks */,
				31F8ED4E274ED11700F1D614 /* Resources */,
				31F8ED93274ED11700F1D614 /* Embed App Extensions */,
			);
			buildRules = (
			);
			dependencies = (
				31F8ED72274ED11700F1D614 /* PBXTargetDependency */,
			);
			name = "Switch between your two most recent tabs (iOS)";
			productName = "Switch between your two most recent tabs (iOS)";
			productReference = 31F8ED50274ED11700F1D614 /* Switch between your two most recent tabs.app */;
			productType = "com.apple.product-type.application";
		};
		31F8ED61274ED11700F1D614 /* Switch between your two most recent tabs (macOS) */ = {
			isa = PBXNativeTarget;
			buildConfigurationList = 31F8ED9B274ED11700F1D614 /* Build configuration list for PBXNativeTarget "Switch between your two most recent tabs (macOS)" */;
			buildPhases = (
				31F8ED5E274ED11700F1D614 /* Sources */,
				31F8ED5F274ED11700F1D614 /* Frameworks */,
				31F8ED60274ED11700F1D614 /* Resources */,
				31F8ED9A274ED11700F1D614 /* Embed App Extensions */,
			);
			buildRules = (
			);
			dependencies = (
				31F8ED7C274ED11700F1D614 /* PBXTargetDependency */,
			);
			name = "Switch between your two most recent tabs (macOS)";
			productName = "Switch between your two most recent tabs (macOS)";
			productReference = 31F8ED62274ED11700F1D614 /* Switch between your two most recent tabs.app */;
			productType = "com.apple.product-type.application";
		};
		31F8ED6E274ED11700F1D614 /* Switch between your two most recent tabs Extension (iOS) */ = {
			isa = PBXNativeTarget;
			buildConfigurationList = 31F8ED90274ED11700F1D614 /* Build configuration list for PBXNativeTarget "Switch between your two most recent tabs Extension (iOS)" */;
			buildPhases = (
				31F8ED6B274ED11700F1D614 /* Sources */,
				31F8ED6C274ED11700F1D614 /* Frameworks */,
				31F8ED6D274ED11700F1D614 /* Resources */,
			);
			buildRules = (
			);
			dependencies = (
			);
			name = "Switch between your two most recent tabs Extension (iOS)";
			productName = "Switch between your two most recent tabs Extension (iOS)";
			productReference = 31F8ED6F274ED11700F1D614 /* Switch between your two most recent tabs Extension.appex */;
			productType = "com.apple.product-type.app-extension";
		};
		31F8ED78274ED11700F1D614 /* Switch between your two most recent tabs Extension (macOS) */ = {
			isa = PBXNativeTarget;
			buildConfigurationList = 31F8ED97274ED11700F1D614 /* Build configuration list for PBXNativeTarget "Switch between your two most recent tabs Extension (macOS)" */;
			buildPhases = (
				31F8ED75274ED11700F1D614 /* Sources */,
				31F8ED76274ED11700F1D614 /* Frameworks */,
				31F8ED77274ED11700F1D614 /* Resources */,
			);
			buildRules = (
			);
			dependencies = (
			);
			name = "Switch between your two most recent tabs Extension (macOS)";
			productName = "Switch between your two most recent tabs Extension (macOS)";
			productReference = 31F8ED79274ED11700F1D614 /* Switch between your two most recent tabs Extension.appex */;
			productType = "com.apple.product-type.app-extension";
		};
/* End PBXNativeTarget section */

/* Begin PBXProject section */
		31F8ED3D274ED11400F1D614 /* Project object */ = {
			isa = PBXProject;
			attributes = {
				BuildIndependentTargetsInParallel = 1;
				LastSwiftUpdateCheck = 1310;
				LastUpgradeCheck = 1310;
				TargetAttributes = {
					31F8ED4F274ED11700F1D614 = {
						CreatedOnToolsVersion = 13.1;
					};
					31F8ED61274ED11700F1D614 = {
						CreatedOnToolsVersion = 13.1;
					};
					31F8ED6E274ED11700F1D614 = {
						CreatedOnToolsVersion = 13.1;
					};
					31F8ED78274ED11700F1D614 = {
						CreatedOnToolsVersion = 13.1;
					};
				};
			};
			buildConfigurationList = 31F8ED40274ED11400F1D614 /* Build configuration list for PBXProject "Switch between your two most recent tabs" */;
			compatibilityVersion = "Xcode 13.0";
			developmentRegion = en;
			hasScannedForEncodings = 0;
			knownRegions = (
				en,
				Base,
			);
			mainGroup = 31F8ED3C274ED11400F1D614;
			productRefGroup = 31F8ED51274ED11700F1D614 /* Products */;
			projectDirPath = "";
			projectRoot = "";
			targets = (
				31F8ED4F274ED11700F1D614 /* Switch between your two most recent tabs (iOS) */,
				31F8ED61274ED11700F1D614 /* Switch between your two most recent tabs (macOS) */,
				31F8ED6E274ED11700F1D614 /* Switch between your two most recent tabs Extension (iOS) */,
				31F8ED78274ED11700F1D614 /* Switch between your two most recent tabs Extension (macOS) */,
			);
		};
/* End PBXProject section */

/* Begin PBXResourcesBuildPhase section */
		31F8ED4E274ED11700F1D614 /* Resources */ = {
			isa = PBXResourcesBuildPhase;
			buildActionMask = 2147483647;
			files = (
				31F8ED82274ED11700F1D614 /* Icon.png in Resources */,
				31F8ED59274ED11700F1D614 /* LaunchScreen.storyboard in Resources */,
				31F8ED80274ED11700F1D614 /* Main.html in Resources */,
				31F8ED86274ED11700F1D614 /* Script.js in Resources */,
				31F8ED8A274ED11700F1D614 /* Assets.xcassets in Resources */,
				31F8ED5C274ED11700F1D614 /* Main.storyboard in Resources */,
				31F8ED84274ED11700F1D614 /* Style.css in Resources */,
			);
			runOnlyForDeploymentPostprocessing = 0;
		};
		31F8ED60274ED11700F1D614 /* Resources */ = {
			isa = PBXResourcesBuildPhase;
			buildActionMask = 2147483647;
			files = (
				31F8ED83274ED11700F1D614 /* Icon.png in Resources */,
				31F8ED85274ED11700F1D614 /* Style.css in Resources */,
				31F8ED68274ED11700F1D614 /* Main.storyboard in Resources */,
				31F8ED87274ED11700F1D614 /* Script.js in Resources */,
				31F8ED8B274ED11700F1D614 /* Assets.xcassets in Resources */,
				31F8ED81274ED11700F1D614 /* Main.html in Resources */,
			);
			runOnlyForDeploymentPostprocessing = 0;
		};
		31F8ED6D274ED11700F1D614 /* Resources */ = {
			isa = PBXResourcesBuildPhase;
			buildActionMask = 2147483647;
			files = (
				31F8EDB2274ED11900F1D614 /* background.js in Resources */,
				31F8EDB3274ED11900F1D614 /* icon_32.png in Resources */,
				31F8EDB5274ED11900F1D614 /* icon_16.png in Resources */,
				31F8EDB4274ED11900F1D614 /* icon_128.png in Resources */,
				31F8EDB6274ED11900F1D614 /* manifest.json in Resources */,
				31F8EDB7274ED11900F1D614 /* _locales in Resources */,
				31F8EDB1274ED11900F1D614 /* icon.png in Resources */,
				31F8EDB9274ED11900F1D614 /* icon_48.png in Resources */,
				31F8EDB8274ED11900F1D614 /* ExtPay.js in Resources */,
			);
			runOnlyForDeploymentPostprocessing = 0;
		};
		31F8ED77274ED11700F1D614 /* Resources */ = {
			isa = PBXResourcesBuildPhase;
			buildActionMask = 2147483647;
			files = (
				31F8EDA9274ED11900F1D614 /* background.js in Resources */,
				31F8EDAA274ED11900F1D614 /* icon_32.png in Resources */,
				31F8EDAC274ED11900F1D614 /* icon_16.png in Resources */,
				31F8EDAB274ED11900F1D614 /* icon_128.png in Resources */,
				31F8EDAD274ED11900F1D614 /* manifest.json in Resources */,
				31F8EDAE274ED11900F1D614 /* _locales in Resources */,
				31F8EDA8274ED11900F1D614 /* icon.png in Resources */,
				31F8EDB0274ED11900F1D614 /* icon_48.png in Resources */,
				31F8EDAF274ED11900F1D614 /* ExtPay.js in Resources */,
			);
			runOnlyForDeploymentPostprocessing = 0;
		};
/* End PBXResourcesBuildPhase section */

/* Begin PBXSourcesBuildPhase section */
		31F8ED4C274ED11700F1D614 /* Sources */ = {
			isa = PBXSourcesBuildPhase;
			buildActionMask = 2147483647;
			files = (
				31F8ED88274ED11700F1D614 /* ViewController.swift in Sources */,
				31F8ED54274ED11700F1D614 /* AppDelegate.swift in Sources */,
				31F8ED56274ED11700F1D614 /* SceneDelegate.swift in Sources */,
			);
			runOnlyForDeploymentPostprocessing = 0;
		};
		31F8ED5E274ED11700F1D614 /* Sources */ = {
			isa = PBXSourcesBuildPhase;
			buildActionMask = 2147483647;
			files = (
				31F8ED89274ED11700F1D614 /* ViewController.swift in Sources */,
				31F8ED65274ED11700F1D614 /* AppDelegate.swift in Sources */,
			);
			runOnlyForDeploymentPostprocessing = 0;
		};
		31F8ED6B274ED11700F1D614 /* Sources */ = {
			isa = PBXSourcesBuildPhase;
			buildActionMask = 2147483647;
			files = (
				31F8ED8C274ED11700F1D614 /* SafariWebExtensionHandler.swift in Sources */,
			);
			runOnlyForDeploymentPostprocessing = 0;
		};
		31F8ED75274ED11700F1D614 /* Sources */ = {
			isa = PBXSourcesBuildPhase;
			buildActionMask = 2147483647;
			files = (
				31F8ED8D274ED11700F1D614 /* SafariWebExtensionHandler.swift in Sources */,
			);
			runOnlyForDeploymentPostprocessing = 0;
		};
/* End PBXSourcesBuildPhase section */

/* Begin PBXTargetDependency section */
		31F8ED72274ED11700F1D614 /* PBXTargetDependency */ = {
			isa = PBXTargetDependency;
			target = 31F8ED6E274ED11700F1D614 /* Switch between your two most recent tabs Extension (iOS) */;
			targetProxy = 31F8ED71274ED11700F1D614 /* PBXContainerItemProxy */;
		};
		31F8ED7C274ED11700F1D614 /* PBXTargetDependency */ = {
			isa = PBXTargetDependency;
			target = 31F8ED78274ED11700F1D614 /* Switch between your two most recent tabs Extension (macOS) */;
			targetProxy = 31F8ED7B274ED11700F1D614 /* PBXContainerItemProxy */;
		};
/* End PBXTargetDependency section */

/* Begin PBXVariantGroup section */
		31F8ED43274ED11400F1D614 /* Main.html */ = {
			isa = PBXVariantGroup;
			children = (
				31F8ED44274ED11400F1D614 /* Base */,
			);
			name = Main.html;
			sourceTree = "<group>";
		};
		31F8ED57274ED11700F1D614 /* LaunchScreen.storyboard */ = {
			isa = PBXVariantGroup;
			children = (
				31F8ED58274ED11700F1D614 /* Base */,
			);
			name = LaunchScreen.storyboard;
			sourceTree = "<group>";
		};
		31F8ED5A274ED11700F1D614 /* Main.storyboard */ = {
			isa = PBXVariantGroup;
			children = (
				31F8ED5B274ED11700F1D614 /* Base */,
			);
			name = Main.storyboard;
			sourceTree = "<group>";
		};
		31F8ED66274ED11700F1D614 /* Main.storyboard */ = {
			isa = PBXVariantGroup;
			children = (
				31F8ED67274ED11700F1D614 /* Base */,
			);
			name = Main.storyboard;
			sourceTree = "<group>";
		};
/* End PBXVariantGroup section */

/* Begin XCBuildConfiguration section */
		31F8ED8E274ED11700F1D614 /* Debug */ = {
			isa = XCBuildConfiguration;
			buildSettings = {
				ALWAYS_SEARCH_USER_PATHS = NO;
				CLANG_ANALYZER_NONNULL = YES;
				CLANG_ANALYZER_NUMBER_OBJECT_CONVERSION = YES_AGGRESSIVE;
				CLANG_CXX_LANGUAGE_STANDARD = "gnu++17";
				CLANG_CXX_LIBRARY = "libc++";
				CLANG_ENABLE_MODULES = YES;
				CLANG_ENABLE_OBJC_ARC = YES;
				CLANG_ENABLE_OBJC_WEAK = YES;
				CLANG_WARN_BLOCK_CAPTURE_AUTORELEASING = YES;
				CLANG_WARN_BOOL_CONVERSION = YES;
				CLANG_WARN_COMMA = YES;
				CLANG_WARN_CONSTANT_CONVERSION = YES;
				CLANG_WARN_DEPRECATED_OBJC_IMPLEMENTATIONS = YES;
				CLANG_WARN_DIRECT_OBJC_ISA_USAGE = YES_ERROR;
				CLANG_WARN_DOCUMENTATION_COMMENTS = YES;
				CLANG_WARN_EMPTY_BODY = YES;
				CLANG_WARN_ENUM_CONVERSION = YES;
				CLANG_WARN_INFINITE_RECURSION = YES;
				CLANG_WARN_INT_CONVERSION = YES;
				CLANG_WARN_NON_LITERAL_NULL_CONVERSION = YES;
				CLANG_WARN_OBJC_IMPLICIT_RETAIN_SELF = YES;
				CLANG_WARN_OBJC_LITERAL_CONVERSION = YES;
				CLANG_WARN_OBJC_ROOT_CLASS = YES_ERROR;
				CLANG_WARN_QUOTED_INCLUDE_IN_FRAMEWORK_HEADER = YES;
				CLANG_WARN_RANGE_LOOP_ANALYSIS = YES;
				CLANG_WARN_STRICT_PROTOTYPES = YES;
				CLANG_WARN_SUSPICIOUS_MOVE = YES;
				CLANG_WARN_UNGUARDED_AVAILABILITY = YES_AGGRESSIVE;
				CLANG_WARN_UNREACHABLE_CODE = YES;
				CLANG_WARN__DUPLICATE_METHOD_MATCH = YES;
				COPY_PHASE_STRIP = NO;
				DEBUG_INFORMATION_FORMAT = dwarf;
				ENABLE_STRICT_OBJC_MSGSEND = YES;
				ENABLE_TESTABILITY = YES;
				GCC_C_LANGUAGE_STANDARD = gnu11;
				GCC_DYNAMIC_NO_PIC = NO;
				GCC_NO_COMMON_BLOCKS = YES;
				GCC_OPTIMIZATION_LEVEL = 0;
				GCC_PREPROCESSOR_DEFINITIONS = (
					"DEBUG=1",
					"$(inherited)",
				);
				GCC_WARN_64_TO_32_BIT_CONVERSION = YES;
				GCC_WARN_ABOUT_RETURN_TYPE = YES_ERROR;
				GCC_WARN_UNDECLARED_SELECTOR = YES;
				GCC_WARN_UNINITIALIZED_AUTOS = YES_AGGRESSIVE;
				GCC_WARN_UNUSED_FUNCTION = YES;
				GCC_WARN_UNUSED_VARIABLE = YES;
				MTL_ENABLE_DEBUG_INFO = INCLUDE_SOURCE;
				MTL_FAST_MATH = YES;
				ONLY_ACTIVE_ARCH = YES;
				SWIFT_ACTIVE_COMPILATION_CONDITIONS = DEBUG;
				SWIFT_OPTIMIZATION_LEVEL = "-Onone";
			};
			name = Debug;
		};
		31F8ED8F274ED11700F1D614 /* Release */ = {
			isa = XCBuildConfiguration;
			buildSettings = {
				ALWAYS_SEARCH_USER_PATHS = NO;
				CLANG_ANALYZER_NONNULL = YES;
				CLANG_ANALYZER_NUMBER_OBJECT_CONVERSION = YES_AGGRESSIVE;
				CLANG_CXX_LANGUAGE_STANDARD = "gnu++17";
				CLANG_CXX_LIBRARY = "libc++";
				CLANG_ENABLE_MODULES = YES;
				CLANG_ENABLE_OBJC_ARC = YES;
				CLANG_ENABLE_OBJC_WEAK = YES;
				CLANG_WARN_BLOCK_CAPTURE_AUTORELEASING = YES;
				CLANG_WARN_BOOL_CONVERSION = YES;
				CLANG_WARN_COMMA = YES;
				CLANG_WARN_CONSTANT_CONVERSION = YES;
				CLANG_WARN_DEPRECATED_OBJC_IMPLEMENTATIONS = YES;
				CLANG_WARN_DIRECT_OBJC_ISA_USAGE = YES_ERROR;
				CLANG_WARN_DOCUMENTATION_COMMENTS = YES;
				CLANG_WARN_EMPTY_BODY = YES;
				CLANG_WARN_ENUM_CONVERSION = YES;
				CLANG_WARN_INFINITE_RECURSION = YES;
				CLANG_WARN_INT_CONVERSION = YES;
				CLANG_WARN_NON_LITERAL_NULL_CONVERSION = YES;
				CLANG_WARN_OBJC_IMPLICIT_RETAIN_SELF = YES;
				CLANG_WARN_OBJC_LITERAL_CONVERSION = YES;
				CLANG_WARN_OBJC_ROOT_CLASS = YES_ERROR;
				CLANG_WARN_QUOTED_INCLUDE_IN_FRAMEWORK_HEADER = YES;
				CLANG_WARN_RANGE_LOOP_ANALYSIS = YES;
				CLANG_WARN_STRICT_PROTOTYPES = YES;
				CLANG_WARN_SUSPICIOUS_MOVE = YES;
				CLANG_WARN_UNGUARDED_AVAILABILITY = YES_AGGRESSIVE;
				CLANG_WARN_UNREACHABLE_CODE = YES;
				CLANG_WARN__DUPLICATE_METHOD_MATCH = YES;
				COPY_PHASE_STRIP = NO;
				DEBUG_INFORMATION_FORMAT = "dwarf-with-dsym";
				ENABLE_NS_ASSERTIONS = NO;
				ENABLE_STRICT_OBJC_MSGSEND = YES;
				GCC_C_LANGUAGE_STANDARD = gnu11;
				GCC_NO_COMMON_BLOCKS = YES;
				GCC_WARN_64_TO_32_BIT_CONVERSION = YES;
				GCC_WARN_ABOUT_RETURN_TYPE = YES_ERROR;
				GCC_WARN_UNDECLARED_SELECTOR = YES;
				GCC_WARN_UNINITIALIZED_AUTOS = YES_AGGRESSIVE;
				GCC_WARN_UNUSED_FUNCTION = YES;
				GCC_WARN_UNUSED_VARIABLE = YES;
				MTL_ENABLE_DEBUG_INFO = NO;
				MTL_FAST_MATH = YES;
				SWIFT_COMPILATION_MODE = wholemodule;
				SWIFT_OPTIMIZATION_LEVEL = "-O";
			};
			name = Release;
		};
		31F8ED91274ED11700F1D614 /* Debug */ = {
			isa = XCBuildConfiguration;
			buildSettings = {
				CODE_SIGN_STYLE = Automatic;
				CURRENT_PROJECT_VERSION = 1;
				GENERATE_INFOPLIST_FILE = YES;
				INFOPLIST_FILE = "iOS (Extension)/Info.plist";
				INFOPLIST_KEY_CFBundleDisplayName = "Switch between your two most recent tabs Extension";
				INFOPLIST_KEY_NSHumanReadableCopyright = "";
				IPHONEOS_DEPLOYMENT_TARGET = 15.0;
				LD_RUNPATH_SEARCH_PATHS = (
					"$(inherited)",
					"@executable_path/Frameworks",
					"@executable_path/../../Frameworks",
				);
				MARKETING_VERSION = 1.0;
				OTHER_LDFLAGS = (
					"-framework",
					SafariServices,
				);
				PRODUCT_BUNDLE_IDENTIFIER = "com.yourCompany.Switch-between-your-two-most-recent-tabs.Extension";
				PRODUCT_NAME = "Switch between your two most recent tabs Extension";
				SDKROOT = iphoneos;
				SKIP_INSTALL = YES;
				SWIFT_EMIT_LOC_STRINGS = YES;
				SWIFT_VERSION = 5.0;
				TARGETED_DEVICE_FAMILY = "1,2";
			};
			name = Debug;
		};
		31F8ED92274ED11700F1D614 /* Release */ = {
			isa = XCBuildConfiguration;
			buildSettings = {
				CODE_SIGN_STYLE = Automatic;
				CURRENT_PROJECT_VERSION = 1;
				GENERATE_INFOPLIST_FILE = YES;
				INFOPLIST_FILE = "iOS (Extension)/Info.plist";
				INFOPLIST_KEY_CFBundleDisplayName = "Switch between your two most recent tabs Extension";
				INFOPLIST_KEY_NSHumanReadableCopyright = "";
				IPHONEOS_DEPLOYMENT_TARGET = 15.0;
				LD_RUNPATH_SEARCH_PATHS = (
					"$(inherited)",
					"@executable_path/Frameworks",
					"@executable_path/../../Frameworks",
				);
				MARKETING_VERSION = 1.0;
				OTHER_LDFLAGS = (
					"-framework",
					SafariServices,
				);
				PRODUCT_BUNDLE_IDENTIFIER = "com.yourCompany.Switch-between-your-two-most-recent-tabs.Extension";
				PRODUCT_NAME = "Switch between your two most recent tabs Extension";
				SDKROOT = iphoneos;
				SKIP_INSTALL = YES;
				SWIFT_EMIT_LOC_STRINGS = YES;
				SWIFT_VERSION = 5.0;
				TARGETED_DEVICE_FAMILY = "1,2";
				VALIDATE_PRODUCT = YES;
			};
			name = Release;
		};
		31F8ED95274ED11700F1D614 /* Debug */ = {
			isa = XCBuildConfiguration;
			buildSettings = {
				ALWAYS_EMBED_SWIFT_STANDARD_LIBRARIES = YES;
				ASSETCATALOG_COMPILER_APPICON_NAME = AppIcon;
				ASSETCATALOG_COMPILER_GLOBAL_ACCENT_COLOR_NAME = AccentColor;
				CODE_SIGN_STYLE = Automatic;
				CURRENT_PROJECT_VERSION = 1;
				GENERATE_INFOPLIST_FILE = YES;
				INFOPLIST_FILE = "iOS (App)/Info.plist";
				INFOPLIST_KEY_CFBundleDisplayName = "Switch between your two most recent tabs";
				INFOPLIST_KEY_UIApplicationSupportsIndirectInputEvents = YES;
				INFOPLIST_KEY_UILaunchStoryboardName = LaunchScreen;
				INFOPLIST_KEY_UIMainStoryboardFile = Main;
				INFOPLIST_KEY_UISupportedInterfaceOrientations = "UIInterfaceOrientationPortrait UIInterfaceOrientationLandscapeLeft UIInterfaceOrientationLandscapeRight";
				INFOPLIST_KEY_UISupportedInterfaceOrientations_iPad = "UIInterfaceOrientationPortrait UIInterfaceOrientationPortraitUpsideDown UIInterfaceOrientationLandscapeLeft UIInterfaceOrientationLandscapeRight";
				IPHONEOS_DEPLOYMENT_TARGET = 15.0;
				LD_RUNPATH_SEARCH_PATHS = (
					"$(inherited)",
					"@executable_path/Frameworks",
				);
				MARKETING_VERSION = 1.0;
				OTHER_LDFLAGS = (
					"-framework",
					SafariServices,
					"-framework",
					WebKit,
				);
				PRODUCT_BUNDLE_IDENTIFIER = "com.yourCompany.Switch-between-your-two-most-recent-tabs";
				PRODUCT_NAME = "Switch between your two most recent tabs";
				SDKROOT = iphoneos;
				SWIFT_EMIT_LOC_STRINGS = YES;
				SWIFT_VERSION = 5.0;
				TARGETED_DEVICE_FAMILY = "1,2";
			};
			name = Debug;
		};
		31F8ED96274ED11700F1D614 /* Release */ = {
			isa = XCBuildConfiguration;
			buildSettings = {
				ALWAYS_EMBED_SWIFT_STANDARD_LIBRARIES = YES;
				ASSETCATALOG_COMPILER_APPICON_NAME = AppIcon;
				ASSETCATALOG_COMPILER_GLOBAL_ACCENT_COLOR_NAME = AccentColor;
				CODE_SIGN_STYLE = Automatic;
				CURRENT_PROJECT_VERSION = 1;
				GENERATE_INFOPLIST_FILE = YES;
				INFOPLIST_FILE = "iOS (App)/Info.plist";
				INFOPLIST_KEY_CFBundleDisplayName = "Switch between your two most recent tabs";
				INFOPLIST_KEY_UIApplicationSupportsIndirectInputEvents = YES;
				INFOPLIST_KEY_UILaunchStoryboardName = LaunchScreen;
				INFOPLIST_KEY_UIMainStoryboardFile = Main;
				INFOPLIST_KEY_UISupportedInterfaceOrientations = "UIInterfaceOrientationPortrait UIInterfaceOrientationLandscapeLeft UIInterfaceOrientationLandscapeRight";
				INFOPLIST_KEY_UISupportedInterfaceOrientations_iPad = "UIInterfaceOrientationPortrait UIInterfaceOrientationPortraitUpsideDown UIInterfaceOrientationLandscapeLeft UIInterfaceOrientationLandscapeRight";
				IPHONEOS_DEPLOYMENT_TARGET = 15.0;
				LD_RUNPATH_SEARCH_PATHS = (
					"$(inherited)",
					"@executable_path/Frameworks",
				);
				MARKETING_VERSION = 1.0;
				OTHER_LDFLAGS = (
					"-framework",
					SafariServices,
					"-framework",
					WebKit,
				);
				PRODUCT_BUNDLE_IDENTIFIER = "com.yourCompany.Switch-between-your-two-most-recent-tabs";
				PRODUCT_NAME = "Switch between your two most recent tabs";
				SDKROOT = iphoneos;
				SWIFT_EMIT_LOC_STRINGS = YES;
				SWIFT_VERSION = 5.0;
				TARGETED_DEVICE_FAMILY = "1,2";
				VALIDATE_PRODUCT = YES;
			};
			name = Release;
		};
		31F8ED98274ED11700F1D614 /* Debug */ = {
			isa = XCBuildConfiguration;
			buildSettings = {
				CODE_SIGN_ENTITLEMENTS = "macOS (Extension)/Switch between your two most recent tabs.entitlements";
				CODE_SIGN_STYLE = Automatic;
				CURRENT_PROJECT_VERSION = 1;
				ENABLE_HARDENED_RUNTIME = YES;
				GENERATE_INFOPLIST_FILE = YES;
				INFOPLIST_FILE = "macOS (Extension)/Info.plist";
				INFOPLIST_KEY_CFBundleDisplayName = "Switch between your two most recent tabs Extension";
				INFOPLIST_KEY_NSHumanReadableCopyright = "";
				LD_RUNPATH_SEARCH_PATHS = (
					"$(inherited)",
					"@executable_path/../Frameworks",
					"@executable_path/../../../../Frameworks",
				);
				MACOSX_DEPLOYMENT_TARGET = 10.14;
				MARKETING_VERSION = 1.0;
				OTHER_LDFLAGS = (
					"-framework",
					SafariServices,
				);
				PRODUCT_BUNDLE_IDENTIFIER = "com.yourCompany.Switch-between-your-two-most-recent-tabs.Extension";
				PRODUCT_NAME = "Switch between your two most recent tabs Extension";
				SDKROOT = macosx;
				SKIP_INSTALL = YES;
				SWIFT_EMIT_LOC_STRINGS = YES;
				SWIFT_VERSION = 5.0;
			};
			name = Debug;
		};
		31F8ED99274ED11700F1D614 /* Release */ = {
			isa = XCBuildConfiguration;
			buildSettings = {
				CODE_SIGN_ENTITLEMENTS = "macOS (Extension)/Switch between your two most recent tabs.entitlements";
				CODE_SIGN_STYLE = Automatic;
				CURRENT_PROJECT_VERSION = 1;
				ENABLE_HARDENED_RUNTIME = YES;
				GENERATE_INFOPLIST_FILE = YES;
				INFOPLIST_FILE = "macOS (Extension)/Info.plist";
				INFOPLIST_KEY_CFBundleDisplayName = "Switch between your two most recent tabs Extension";
				INFOPLIST_KEY_NSHumanReadableCopyright = "";
				LD_RUNPATH_SEARCH_PATHS = (
					"$(inherited)",
					"@executable_path/../Frameworks",
					"@executable_path/../../../../Frameworks",
				);
				MACOSX_DEPLOYMENT_TARGET = 10.14;
				MARKETING_VERSION = 1.0;
				OTHER_LDFLAGS = (
					"-framework",
					SafariServices,
				);
				PRODUCT_BUNDLE_IDENTIFIER = "com.yourCompany.Switch-between-your-two-most-recent-tabs.Extension";
				PRODUCT_NAME = "Switch between your two most recent tabs Extension";
				SDKROOT = macosx;
				SKIP_INSTALL = YES;
				SWIFT_EMIT_LOC_STRINGS = YES;
				SWIFT_VERSION = 5.0;
			};
			name = Release;
		};
		31F8ED9C274ED11700F1D614 /* Debug */ = {
			isa = XCBuildConfiguration;
			buildSettings = {
				ALWAYS_EMBED_SWIFT_STANDARD_LIBRARIES = YES;
				ASSETCATALOG_COMPILER_APPICON_NAME = AppIcon;
				ASSETCATALOG_COMPILER_GLOBAL_ACCENT_COLOR_NAME = AccentColor;
				CODE_SIGN_ENTITLEMENTS = "macOS (App)/Switch between your two most recent tabs.entitlements";
				CODE_SIGN_STYLE = Automatic;
				CURRENT_PROJECT_VERSION = 1;
				ENABLE_HARDENED_RUNTIME = YES;
				GENERATE_INFOPLIST_FILE = YES;
				INFOPLIST_FILE = "macOS (App)/Info.plist";
				INFOPLIST_KEY_CFBundleDisplayName = "Switch between your two most recent tabs";
				INFOPLIST_KEY_NSMainStoryboardFile = Main;
				INFOPLIST_KEY_NSPrincipalClass = NSApplication;
				LD_RUNPATH_SEARCH_PATHS = (
					"$(inherited)",
					"@executable_path/../Frameworks",
				);
				MACOSX_DEPLOYMENT_TARGET = 10.14;
				MARKETING_VERSION = 1.0;
				OTHER_LDFLAGS = (
					"-framework",
					SafariServices,
					"-framework",
					WebKit,
				);
				PRODUCT_BUNDLE_IDENTIFIER = "com.yourCompany.Switch-between-your-two-most-recent-tabs";
				PRODUCT_NAME = "Switch between your two most recent tabs";
				SDKROOT = macosx;
				SWIFT_EMIT_LOC_STRINGS = YES;
				SWIFT_VERSION = 5.0;
			};
			name = Debug;
		};
		31F8ED9D274ED11700F1D614 /* Release */ = {
			isa = XCBuildConfiguration;
			buildSettings = {
				ALWAYS_EMBED_SWIFT_STANDARD_LIBRARIES = YES;
				ASSETCATALOG_COMPILER_APPICON_NAME = AppIcon;
				ASSETCATALOG_COMPILER_GLOBAL_ACCENT_COLOR_NAME = AccentColor;
				CODE_SIGN_ENTITLEMENTS = "macOS (App)/Switch between your two most recent tabs.entitlements";
				CODE_SIGN_STYLE = Automatic;
				CURRENT_PROJECT_VERSION = 1;
				ENABLE_HARDENED_RUNTIME = YES;
				GENERATE_INFOPLIST_FILE = YES;
				INFOPLIST_FILE = "macOS (App)/Info.plist";
				INFOPLIST_KEY_CFBundleDisplayName = "Switch between your two most recent tabs";
				INFOPLIST_KEY_NSMainStoryboardFile = Main;
				INFOPLIST_KEY_NSPrincipalClass = NSApplication;
				LD_RUNPATH_SEARCH_PATHS = (
					"$(inherited)",
					"@executable_path/../Frameworks",
				);
				MACOSX_DEPLOYMENT_TARGET = 10.14;
				MARKETING_VERSION = 1.0;
				OTHER_LDFLAGS = (
					"-framework",
					SafariServices,
					"-framework",
					WebKit,
				);
				PRODUCT_BUNDLE_IDENTIFIER = "com.yourCompany.Switch-between-your-two-most-recent-tabs";
				PRODUCT_NAME = "Switch between your two most recent tabs";
				SDKROOT = macosx;
				SWIFT_EMIT_LOC_STRINGS = YES;
				SWIFT_VERSION = 5.0;
			};
			name = Release;
		};
/* End XCBuildConfiguration section */

/* Begin XCConfigurationList section */
		31F8ED40274ED11400F1D614 /* Build configuration list for PBXProject "Switch between your two most recent tabs" */ = {
			isa = XCConfigurationList;
			buildConfigurations = (
				31F8ED8E274ED11700F1D614 /* Debug */,
				31F8ED8F274ED11700F1D614 /* Release */,
			);
			defaultConfigurationIsVisible = 0;
			defaultConfigurationName = Release;
		};
		31F8ED90274ED11700F1D614 /* Build configuration list for PBXNativeTarget "Switch between your two most recent tabs Extension (iOS)" */ = {
			isa = XCConfigurationList;
			buildConfigurations = (
				31F8ED91274ED11700F1D614 /* Debug */,
				31F8ED92274ED11700F1D614 /* Release */,
			);
			defaultConfigurationIsVisible = 0;
			defaultConfigurationName = Release;
		};
		31F8ED94274ED11700F1D614 /* Build configuration list for PBXNativeTarget "Switch between your two most recent tabs (iOS)" */ = {
			isa = XCConfigurationList;
			buildConfigurations = (
				31F8ED95274ED11700F1D614 /* Debug */,
				31F8ED96274ED11700F1D614 /* Release */,
			);
			defaultConfigurationIsVisible = 0;
			defaultConfigurationName = Release;
		};
		31F8ED97274ED11700F1D614 /* Build configuration list for PBXNativeTarget "Switch between your two most recent tabs Extension (macOS)" */ = {
			isa = XCConfigurationList;
			buildConfigurations = (
				31F8ED98274ED11700F1D614 /* Debug */,
				31F8ED99274ED11700F1D614 /* Release */,
			);
			defaultConfigurationIsVisible = 0;
			defaultConfigurationName = Release;
		};
		31F8ED9B274ED11700F1D614 /* Build configuration list for PBXNativeTarget "Switch between your two most recent tabs (macOS)" */ = {
			isa = XCConfigurationList;
			buildConfigurations = (
				31F8ED9C274ED11700F1D614 /* Debug */,
				31F8ED9D274ED11700F1D614 /* Release */,
			);
			defaultConfigurationIsVisible = 0;
			defaultConfigurationName = Release;
		};
/* End XCConfigurationList section */
	};
	rootObject = 31F8ED3D274ED11400F1D614 /* Project object */;
}
